
Microsoft Visual Studio Solution File, Format Version 12.00
# Visual Studio Version 16
VisualStudioVersion = 16.0.29025.244
MinimumVisualStudioVersion = 10.0.40219.1
Project("{9A19103F-16F7-4668-BE54-9A1E7A4F7556}") = "OttoController", "OttoController\OttoController.csproj", "{BE10621C-F753-4809-9706-D2A388917F73}"
EndProject
Project("{FAE04EC0-301F-11D3-BF4B-00C04F79EFBC}") = "OttoUI", "OttoUI\OttoUI.csproj", "{D07E9716-1D2A-4BFA-BEE1-25E843A76E05}"
EndProject
Global
	GlobalSection(SolutionConfigurationPlatforms) = preSolution
		Debug|Any CPU = Debug|Any CPU
		Release|Any CPU = Release|Any CPU
	EndGlobalSection
	GlobalSection(ProjectConfigurationPlatforms) = postSolution
		{BE10621C-F753-4809-9706-D2A388917F73}.Debug|Any CPU.ActiveCfg = Debug|Any CPU
		{BE10621C-F753-4809-9706-D2A388917F73}.Debug|Any CPU.Build.0 = Debug|Any CPU
		{BE10621C-F753-4809-9706-D2A388917F73}.Release|Any CPU.ActiveCfg = Release|Any CPU
		{BE10621C-F753-4809-9706-D2A388917F73}.Release|Any CPU.Build.0 = Release|Any CPU
		{D07E9716-1D2A-4BFA-BEE1-25E843A76E05}.Debug|Any CPU.ActiveCfg = Debug|Any CPU
		{D07E9716-1D2A-4BFA-BEE1-25E843A76E05}.Debug|Any CPU.Build.0 = Debug|Any CPU
		{D07E9716-1D2A-4BFA-BEE1-25E843A76E05}.Release|Any CPU.ActiveCfg = Release|Any CPU
		{D07E9716-1D2A-4BFA-BEE1-25E843A76E05}.Release|Any CPU.Build.0 = Release|Any CPU
	EndGlobalSection
	GlobalSection(SolutionProperties) = preSolution
		HideSolutionNode = FALSE
	EndGlobalSection
	GlobalSection(ExtensibilityGlobals) = postSolution
		SolutionGuid = {1232F7C8-C45A-4677-B68E-7A3088BBB5A3}
	EndGlobalSection
EndGlobal
